
Microsoft Visual Studio Solution File, Format Version 11.00
# Visual Studio 2010
Project("{FAE04EC0-301F-11D3-BF4B-00C04F79EFBC}") = "MatrixCalc", "MatrixCalc.csproj", "{24F83CAD-B883-419A-A604-373894F1B465}"
EndProject
Global
	GlobalSection(SolutionConfigurationPlatforms) = preSolution
		Debug|Any CPU = Debug|Any CPU
		Release|Any CPU = Release|Any CPU
	EndGlobalSection
	GlobalSection(ProjectConfigurationPlatforms) = postSolution
		{24F83CAD-B883-419A-A604-373894F1B465}.Debug|Any CPU.ActiveCfg = Debug|Any CPU
		{24F83CAD-B883-419A-A604-373894F1B465}.Debug|Any CPU.Build.0 = Debug|Any CPU
		{24F83CAD-B883-419A-A604-373894F1B465}.Release|Any CPU.ActiveCfg = Release|Any CPU
		{24F83CAD-B883-419A-A604-373894F1B465}.Release|Any CPU.Build.0 = Release|Any CPU
	EndGlobalSection
	GlobalSection(SolutionProperties) = preSolution
		HideSolutionNode = FALSE
	EndGlobalSection
EndGlobal
